// !$*UTF8*$!
{
	archiveVersion = 1;
	classes = {
	};
	objectVersion = 55;
	objects = {

/* Begin PBXBuildFile section */
		1C2EF426275CE21C0048900A /* QuestionViewController.xib in Resources */ = {isa = PBXBuildFile; fileRef = 1C2EF424275CE21C0048900A /* QuestionViewController.xib */; };
		1C2EF427275CE21C0048900A /* QuestionViewController.swift in Sources */ = {isa = PBXBuildFile; fileRef = 1C2EF425275CE21C0048900A /* QuestionViewController.swift */; };
		1C36DE99275FD25A00CF3FC5 /* QuestionsServices.swift in Sources */ = {isa = PBXBuildFile; fileRef = 1C36DE98275FD25A00CF3FC5 /* QuestionsServices.swift */; };
		1C36DE9C275FD4A300CF3FC5 /* Alamofire in Frameworks */ = {isa = PBXBuildFile; productRef = 1C36DE9B275FD4A300CF3FC5 /* Alamofire */; };
		1C491A8B2757A42D008B959C /* AppDelegate.swift in Sources */ = {isa = PBXBuildFile; fileRef = 1C491A8A2757A42D008B959C /* AppDelegate.swift */; };
		1C491A8D2757A42D008B959C /* SceneDelegate.swift in Sources */ = {isa = PBXBuildFile; fileRef = 1C491A8C2757A42D008B959C /* SceneDelegate.swift */; };
		1C491A8F2757A42D008B959C /* ViewController.swift in Sources */ = {isa = PBXBuildFile; fileRef = 1C491A8E2757A42D008B959C /* ViewController.swift */; };
		1C491A942757A42E008B959C /* Assets.xcassets in Resources */ = {isa = PBXBuildFile; fileRef = 1C491A932757A42E008B959C /* Assets.xcassets */; };
		1C491A972757A42E008B959C /* LaunchScreen.storyboard in Resources */ = {isa = PBXBuildFile; fileRef = 1C491A952757A42E008B959C /* LaunchScreen.storyboard */; };
		1C491AA02757A44D008B959C /* InitialViewController.xib in Resources */ = {isa = PBXBuildFile; fileRef = 1C491A9E2757A44D008B959C /* InitialViewController.xib */; };
		1C491AA12757A44D008B959C /* InitialViewController.swift in Sources */ = {isa = PBXBuildFile; fileRef = 1C491A9F2757A44D008B959C /* InitialViewController.swift */; };
		1C93CE7B275D68F0006880E3 /* TabBarViewController.swift in Sources */ = {isa = PBXBuildFile; fileRef = 1C93CE7A275D68F0006880E3 /* TabBarViewController.swift */; };
		1C93CE7E275D69FA006880E3 /* CategoriesViewController.xib in Resources */ = {isa = PBXBuildFile; fileRef = 1C93CE7C275D69FA006880E3 /* CategoriesViewController.xib */; };
		1C93CE7F275D69FA006880E3 /* CategoriesViewController.swift in Sources */ = {isa = PBXBuildFile; fileRef = 1C93CE7D275D69FA006880E3 /* CategoriesViewController.swift */; };
		1C93CE81275E47B7006880E3 /* CategoriesViewModel.swift in Sources */ = {isa = PBXBuildFile; fileRef = 1C93CE80275E47B7006880E3 /* CategoriesViewModel.swift */; };
		1C93CE83275E4BDF006880E3 /* QuestionViewModel.swift in Sources */ = {isa = PBXBuildFile; fileRef = 1C93CE82275E4BDF006880E3 /* QuestionViewModel.swift */; };
		1C93CE85275E4F9D006880E3 /* Question.swift in Sources */ = {isa = PBXBuildFile; fileRef = 1C93CE84275E4F9D006880E3 /* Question.swift */; };
/* End PBXBuildFile section */

/* Begin PBXFileReference section */
		1C2EF424275CE21C0048900A /* QuestionViewController.xib */ = {isa = PBXFileReference; lastKnownFileType = file.xib; path = QuestionViewController.xib; sourceTree = "<group>"; };
		1C2EF425275CE21C0048900A /* QuestionViewController.swift */ = {isa = PBXFileReference; lastKnownFileType = sourcecode.swift; path = QuestionViewController.swift; sourceTree = "<group>"; };
		1C36DE98275FD25A00CF3FC5 /* QuestionsServices.swift */ = {isa = PBXFileReference; lastKnownFileType = sourcecode.swift; path = QuestionsServices.swift; sourceTree = "<group>"; };
		1C491A872757A42C008B959C /* Trivia.app */ = {isa = PBXFileReference; explicitFileType = wrapper.application; includeInIndex = 0; path = Trivia.app; sourceTree = BUILT_PRODUCTS_DIR; };
		1C491A8A2757A42D008B959C /* AppDelegate.swift */ = {isa = PBXFileReference; lastKnownFileType = sourcecode.swift; path = AppDelegate.swift; sourceTree = "<group>"; };
		1C491A8C2757A42D008B959C /* SceneDelegate.swift */ = {isa = PBXFileReference; lastKnownFileType = sourcecode.swift; path = SceneDelegate.swift; sourceTree = "<group>"; };
		1C491A8E2757A42D008B959C /* ViewController.swift */ = {isa = PBXFileReference; lastKnownFileType = sourcecode.swift; path = ViewController.swift; sourceTree = "<group>"; };
		1C491A932757A42E008B959C /* Assets.xcassets */ = {isa = PBXFileReference; lastKnownFileType = folder.assetcatalog; path = Assets.xcassets; sourceTree = "<group>"; };
		1C491A962757A42E008B959C /* Base */ = {isa = PBXFileReference; lastKnownFileType = file.storyboard; name = Base; path = Base.lproj/LaunchScreen.storyboard; sourceTree = "<group>"; };
		1C491A982757A42E008B959C /* Info.plist */ = {isa = PBXFileReference; lastKnownFileType = text.plist.xml; path = Info.plist; sourceTree = "<group>"; };
		1C491A9E2757A44D008B959C /* InitialViewController.xib */ = {isa = PBXFileReference; lastKnownFileType = file.xib; path = InitialViewController.xib; sourceTree = "<group>"; };
		1C491A9F2757A44D008B959C /* InitialViewController.swift */ = {isa = PBXFileReference; lastKnownFileType = sourcecode.swift; path = InitialViewController.swift; sourceTree = "<group>"; };
		1C93CE7A275D68F0006880E3 /* TabBarViewController.swift */ = {isa = PBXFileReference; lastKnownFileType = sourcecode.swift; path = TabBarViewController.swift; sourceTree = "<group>"; };
		1C93CE7C275D69FA006880E3 /* CategoriesViewController.xib */ = {isa = PBXFileReference; lastKnownFileType = file.xib; path = CategoriesViewController.xib; sourceTree = "<group>"; };
		1C93CE7D275D69FA006880E3 /* CategoriesViewController.swift */ = {isa = PBXFileReference; lastKnownFileType = sourcecode.swift; path = CategoriesViewController.swift; sourceTree = "<group>"; };
		1C93CE80275E47B7006880E3 /* CategoriesViewModel.swift */ = {isa = PBXFileReference; lastKnownFileType = sourcecode.swift; path = CategoriesViewModel.swift; sourceTree = "<group>"; };
		1C93CE82275E4BDF006880E3 /* QuestionViewModel.swift */ = {isa = PBXFileReference; lastKnownFileType = sourcecode.swift; path = QuestionViewModel.swift; sourceTree = "<group>"; };
		1C93CE84275E4F9D006880E3 /* Question.swift */ = {isa = PBXFileReference; lastKnownFileType = sourcecode.swift; path = Question.swift; sourceTree = "<group>"; };
/* End PBXFileReference section */

/* Begin PBXFrameworksBuildPhase section */
		1C491A842757A42C008B959C /* Frameworks */ = {
			isa = PBXFrameworksBuildPhase;
			buildActionMask = 2147483647;
			files = (
				1C36DE9C275FD4A300CF3FC5 /* Alamofire in Frameworks */,
			);
			runOnlyForDeploymentPostprocessing = 0;
		};
/* End PBXFrameworksBuildPhase section */

/* Begin PBXGroup section */
		1C491A7E2757A42C008B959C = {
			isa = PBXGroup;
			children = (
				1C491A892757A42C008B959C /* Trivia */,
				1C491A882757A42C008B959C /* Products */,
			);
			sourceTree = "<group>";
		};
		1C491A882757A42C008B959C /* Products */ = {
			isa = PBXGroup;
			children = (
				1C491A872757A42C008B959C /* Trivia.app */,
			);
			name = Products;
			sourceTree = "<group>";
		};
		1C491A892757A42C008B959C /* Trivia */ = {
			isa = PBXGroup;
			children = (
				1C491A8A2757A42D008B959C /* AppDelegate.swift */,
				1C93CE80275E47B7006880E3 /* CategoriesViewModel.swift */,
				1C93CE82275E4BDF006880E3 /* QuestionViewModel.swift */,
				1C491A8C2757A42D008B959C /* SceneDelegate.swift */,
				1C491A9F2757A44D008B959C /* InitialViewController.swift */,
				1C93CE7A275D68F0006880E3 /* TabBarViewController.swift */,
				1C93CE7C275D69FA006880E3 /* CategoriesViewController.xib */,
				1C93CE84275E4F9D006880E3 /* Question.swift */,
				1C93CE7D275D69FA006880E3 /* CategoriesViewController.swift */,
				1C2EF424275CE21C0048900A /* QuestionViewController.xib */,
				1C2EF425275CE21C0048900A /* QuestionViewController.swift */,
				1C491A9E2757A44D008B959C /* InitialViewController.xib */,
				1C491A8E2757A42D008B959C /* ViewController.swift */,
				1C491A932757A42E008B959C /* Assets.xcassets */,
				1C491A952757A42E008B959C /* LaunchScreen.storyboard */,
				1C491A982757A42E008B959C /* Info.plist */,
				1C36DE98275FD25A00CF3FC5 /* QuestionsServices.swift */,
			);
			path = Trivia;
			sourceTree = "<group>";
		};
/* End PBXGroup section */

/* Begin PBXNativeTarget section */
		1C491A862757A42C008B959C /* Trivia */ = {
			isa = PBXNativeTarget;
			buildConfigurationList = 1C491A9B2757A42E008B959C /* Build configuration list for PBXNativeTarget "Trivia" */;
			buildPhases = (
				1C491A832757A42C008B959C /* Sources */,
				1C491A842757A42C008B959C /* Frameworks */,
				1C491A852757A42C008B959C /* Resources */,
			);
			buildRules = (
			);
			dependencies = (
			);
			name = Trivia;
			packageProductDependencies = (
				1C36DE9B275FD4A300CF3FC5 /* Alamofire */,
			);
			productName = Trivia;
			productReference = 1C491A872757A42C008B959C /* Trivia.app */;
			productType = "com.apple.product-type.application";
		};
/* End PBXNativeTarget section */

/* Begin PBXProject section */
		1C491A7F2757A42C008B959C /* Project object */ = {
			isa = PBXProject;
			attributes = {
				BuildIndependentTargetsInParallel = 1;
				LastSwiftUpdateCheck = 1310;
				LastUpgradeCheck = 1310;
				TargetAttributes = {
					1C491A862757A42C008B959C = {
						CreatedOnToolsVersion = 13.1;
					};
				};
			};
			buildConfigurationList = 1C491A822757A42C008B959C /* Build configuration list for PBXProject "Trivia" */;
			compatibilityVersion = "Xcode 13.0";
			developmentRegion = en;
			hasScannedForEncodings = 0;
			knownRegions = (
				en,
				Base,
			);
			mainGroup = 1C491A7E2757A42C008B959C;
			packageReferences = (
				1C36DE9A275FD4A300CF3FC5 /* XCRemoteSwiftPackageReference "Alamofire" */,
			);
			productRefGroup = 1C491A882757A42C008B959C /* Products */;
			projectDirPath = "";
			projectRoot = "";
			targets = (
				1C491A862757A42C008B959C /* Trivia */,
			);
		};
/* End PBXProject section */

/* Begin PBXResourcesBuildPhase section */
		1C491A852757A42C008B959C /* Resources */ = {
			isa = PBXResourcesBuildPhase;
			buildActionMask = 2147483647;
			files = (
				1C491A972757A42E008B959C /* LaunchScreen.storyboard in Resources */,
				1C491A942757A42E008B959C /* Assets.xcassets in Resources */,
				1C93CE7E275D69FA006880E3 /* CategoriesViewController.xib in Resources */,
				1C2EF426275CE21C0048900A /* QuestionViewController.xib in Resources */,
				1C491AA02757A44D008B959C /* InitialViewController.xib in Resources */,
			);
			runOnlyForDeploymentPostprocessing = 0;
		};
/* End PBXResourcesBuildPhase section */

/* Begin PBXSourcesBuildPhase section */
		1C491A832757A42C008B959C /* Sources */ = {
			isa = PBXSourcesBuildPhase;
			buildActionMask = 2147483647;
			files = (
				1C491A8F2757A42D008B959C /* ViewController.swift in Sources */,
				1C93CE85275E4F9D006880E3 /* Question.swift in Sources */,
				1C2EF427275CE21C0048900A /* QuestionViewController.swift in Sources */,
				1C36DE99275FD25A00CF3FC5 /* QuestionsServices.swift in Sources */,
				1C491A8B2757A42D008B959C /* AppDelegate.swift in Sources */,
				1C491A8D2757A42D008B959C /* SceneDelegate.swift in Sources */,
				1C93CE7B275D68F0006880E3 /* TabBarViewController.swift in Sources */,
				1C93CE81275E47B7006880E3 /* CategoriesViewModel.swift in Sources */,
				1C93CE7F275D69FA006880E3 /* CategoriesViewController.swift in Sources */,
				1C93CE83275E4BDF006880E3 /* QuestionViewModel.swift in Sources */,
				1C491AA12757A44D008B959C /* InitialViewController.swift in Sources */,
			);
			runOnlyForDeploymentPostprocessing = 0;
		};
/* End PBXSourcesBuildPhase section */

/* Begin PBXVariantGroup section */
		1C491A952757A42E008B959C /* LaunchScreen.storyboard */ = {
			isa = PBXVariantGroup;
			children = (
				1C491A962757A42E008B959C /* Base */,
			);
			name = LaunchScreen.storyboard;
			sourceTree = "<group>";
		};
/* End PBXVariantGroup section */

/* Begin XCBuildConfiguration section */
		1C491A992757A42E008B959C /* Debug */ = {
			isa = XCBuildConfiguration;
			buildSettings = {
				ALWAYS_SEARCH_USER_PATHS = NO;
				CLANG_ANALYZER_NONNULL = YES;
				CLANG_ANALYZER_NUMBER_OBJECT_CONVERSION = YES_AGGRESSIVE;
				CLANG_CXX_LANGUAGE_STANDARD = "gnu++17";
				CLANG_CXX_LIBRARY = "libc++";
				CLANG_ENABLE_MODULES = YES;
				CLANG_ENABLE_OBJC_ARC = YES;
				CLANG_ENABLE_OBJC_WEAK = YES;
				CLANG_WARN_BLOCK_CAPTURE_AUTORELEASING = YES;
				CLANG_WARN_BOOL_CONVERSION = YES;
				CLANG_WARN_COMMA = YES;
				CLANG_WARN_CONSTANT_CONVERSION = YES;
				CLANG_WARN_DEPRECATED_OBJC_IMPLEMENTATIONS = YES;
				CLANG_WARN_DIRECT_OBJC_ISA_USAGE = YES_ERROR;
				CLANG_WARN_DOCUMENTATION_COMMENTS = YES;
				CLANG_WARN_EMPTY_BODY = YES;
				CLANG_WARN_ENUM_CONVERSION = YES;
				CLANG_WARN_INFINITE_RECURSION = YES;
				CLANG_WARN_INT_CONVERSION = YES;
				CLANG_WARN_NON_LITERAL_NULL_CONVERSION = YES;
				CLANG_WARN_OBJC_IMPLICIT_RETAIN_SELF = YES;
				CLANG_WARN_OBJC_LITERAL_CONVERSION = YES;
				CLANG_WARN_OBJC_ROOT_CLASS = YES_ERROR;
				CLANG_WARN_QUOTED_INCLUDE_IN_FRAMEWORK_HEADER = YES;
				CLANG_WARN_RANGE_LOOP_ANALYSIS = YES;
				CLANG_WARN_STRICT_PROTOTYPES = YES;
				CLANG_WARN_SUSPICIOUS_MOVE = YES;
				CLANG_WARN_UNGUARDED_AVAILABILITY = YES_AGGRESSIVE;
				CLANG_WARN_UNREACHABLE_CODE = YES;
				CLANG_WARN__DUPLICATE_METHOD_MATCH = YES;
				COPY_PHASE_STRIP = NO;
				DEBUG_INFORMATION_FORMAT = dwarf;
				ENABLE_STRICT_OBJC_MSGSEND = YES;
				ENABLE_TESTABILITY = YES;
				GCC_C_LANGUAGE_STANDARD = gnu11;
				GCC_DYNAMIC_NO_PIC = NO;
				GCC_NO_COMMON_BLOCKS = YES;
				GCC_OPTIMIZATION_LEVEL = 0;
				GCC_PREPROCESSOR_DEFINITIONS = (
					"DEBUG=1",
					"$(inherited)",
				);
				GCC_WARN_64_TO_32_BIT_CONVERSION = YES;
				GCC_WARN_ABOUT_RETURN_TYPE = YES_ERROR;
				GCC_WARN_UNDECLARED_SELECTOR = YES;
				GCC_WARN_UNINITIALIZED_AUTOS = YES_AGGRESSIVE;
				GCC_WARN_UNUSED_FUNCTION = YES;
				GCC_WARN_UNUSED_VARIABLE = YES;
				IPHONEOS_DEPLOYMENT_TARGET = 15.0;
				MTL_ENABLE_DEBUG_INFO = INCLUDE_SOURCE;
				MTL_FAST_MATH = YES;
				ONLY_ACTIVE_ARCH = YES;
				SDKROOT = iphoneos;
				SWIFT_ACTIVE_COMPILATION_CONDITIONS = DEBUG;
				SWIFT_OPTIMIZATION_LEVEL = "-Onone";
			};
			name = Debug;
		};
		1C491A9A2757A42E008B959C /* Release */ = {
			isa = XCBuildConfiguration;
			buildSettings = {
				ALWAYS_SEARCH_USER_PATHS = NO;
				CLANG_ANALYZER_NONNULL = YES;
				CLANG_ANALYZER_NUMBER_OBJECT_CONVERSION = YES_AGGRESSIVE;
				CLANG_CXX_LANGUAGE_STANDARD = "gnu++17";
				CLANG_CXX_LIBRARY = "libc++";
				CLANG_ENABLE_MODULES = YES;
				CLANG_ENABLE_OBJC_ARC = YES;
				CLANG_ENABLE_OBJC_WEAK = YES;
				CLANG_WARN_BLOCK_CAPTURE_AUTORELEASING = YES;
				CLANG_WARN_BOOL_CONVERSION = YES;
				CLANG_WARN_COMMA = YES;
				CLANG_WARN_CONSTANT_CONVERSION = YES;
				CLANG_WARN_DEPRECATED_OBJC_IMPLEMENTATIONS = YES;
				CLANG_WARN_DIRECT_OBJC_ISA_USAGE = YES_ERROR;
				CLANG_WARN_DOCUMENTATION_COMMENTS = YES;
				CLANG_WARN_EMPTY_BODY = YES;
				CLANG_WARN_ENUM_CONVERSION = YES;
				CLANG_WARN_INFINITE_RECURSION = YES;
				CLANG_WARN_INT_CONVERSION = YES;
				CLANG_WARN_NON_LITERAL_NULL_CONVERSION = YES;
				CLANG_WARN_OBJC_IMPLICIT_RETAIN_SELF = YES;
				CLANG_WARN_OBJC_LITERAL_CONVERSION = YES;
				CLANG_WARN_OBJC_ROOT_CLASS = YES_ERROR;
				CLANG_WARN_QUOTED_INCLUDE_IN_FRAMEWORK_HEADER = YES;
				CLANG_WARN_RANGE_LOOP_ANALYSIS = YES;
				CLANG_WARN_STRICT_PROTOTYPES = YES;
				CLANG_WARN_SUSPICIOUS_MOVE = YES;
				CLANG_WARN_UNGUARDED_AVAILABILITY = YES_AGGRESSIVE;
				CLANG_WARN_UNREACHABLE_CODE = YES;
				CLANG_WARN__DUPLICATE_METHOD_MATCH = YES;
				COPY_PHASE_STRIP = NO;
				DEBUG_INFORMATION_FORMAT = "dwarf-with-dsym";
				ENABLE_NS_ASSERTIONS = NO;
				ENABLE_STRICT_OBJC_MSGSEND = YES;
				GCC_C_LANGUAGE_STANDARD = gnu11;
				GCC_NO_COMMON_BLOCKS = YES;
				GCC_WARN_64_TO_32_BIT_CONVERSION = YES;
				GCC_WARN_ABOUT_RETURN_TYPE = YES_ERROR;
				GCC_WARN_UNDECLARED_SELECTOR = YES;
				GCC_WARN_UNINITIALIZED_AUTOS = YES_AGGRESSIVE;
				GCC_WARN_UNUSED_FUNCTION = YES;
				GCC_WARN_UNUSED_VARIABLE = YES;
				IPHONEOS_DEPLOYMENT_TARGET = 15.0;
				MTL_ENABLE_DEBUG_INFO = NO;
				MTL_FAST_MATH = YES;
				SDKROOT = iphoneos;
				SWIFT_COMPILATION_MODE = wholemodule;
				SWIFT_OPTIMIZATION_LEVEL = "-O";
				VALIDATE_PRODUCT = YES;
			};
			name = Release;
		};
		1C491A9C2757A42E008B959C /* Debug */ = {
			isa = XCBuildConfiguration;
			buildSettings = {
				ASSETCATALOG_COMPILER_APPICON_NAME = AppIcon;
				ASSETCATALOG_COMPILER_GLOBAL_ACCENT_COLOR_NAME = AccentColor;
				CODE_SIGN_STYLE = Automatic;
				CURRENT_PROJECT_VERSION = 1;
				DEVELOPMENT_TEAM = 3C72QC44G4;
				GENERATE_INFOPLIST_FILE = YES;
				INFOPLIST_FILE = Trivia/Info.plist;
				INFOPLIST_KEY_NSMainNibFile = InitialViewController;
				INFOPLIST_KEY_UIApplicationSupportsIndirectInputEvents = YES;
				INFOPLIST_KEY_UILaunchStoryboardName = LaunchScreen;
				INFOPLIST_KEY_UISupportedInterfaceOrientations_iPad = "UIInterfaceOrientationPortrait UIInterfaceOrientationPortraitUpsideDown UIInterfaceOrientationLandscapeLeft UIInterfaceOrientationLandscapeRight";
				INFOPLIST_KEY_UISupportedInterfaceOrientations_iPhone = "UIInterfaceOrientationPortrait UIInterfaceOrientationLandscapeLeft UIInterfaceOrientationLandscapeRight";
				LD_RUNPATH_SEARCH_PATHS = (
					"$(inherited)",
					"@executable_path/Frameworks",
				);
				MARKETING_VERSION = 1.0;
				PRODUCT_BUNDLE_IDENTIFIER = com.sancara.Trivia;
				PRODUCT_NAME = "$(TARGET_NAME)";
				SWIFT_EMIT_LOC_STRINGS = YES;
				SWIFT_VERSION = 5.0;
				TARGETED_DEVICE_FAMILY = "1,2";
			};
			name = Debug;
		};
		1C491A9D2757A42E008B959C /* Release */ = {
			isa = XCBuildConfiguration;
			buildSettings = {
				ASSETCATALOG_COMPILER_APPICON_NAME = AppIcon;
				ASSETCATALOG_COMPILER_GLOBAL_ACCENT_COLOR_NAME = AccentColor;
				CODE_SIGN_STYLE = Automatic;
				CURRENT_PROJECT_VERSION = 1;
				DEVELOPMENT_TEAM = 3C72QC44G4;
				GENERATE_INFOPLIST_FILE = YES;
				INFOPLIST_FILE = Trivia/Info.plist;
				INFOPLIST_KEY_NSMainNibFile = InitialViewController;
				INFOPLIST_KEY_UIApplicationSupportsIndirectInputEvents = YES;
				INFOPLIST_KEY_UILaunchStoryboardName = LaunchScreen;
				INFOPLIST_KEY_UISupportedInterfaceOrientations_iPad = "UIInterfaceOrientationPortrait UIInterfaceOrientationPortraitUpsideDown UIInterfaceOrientationLandscapeLeft UIInterfaceOrientationLandscapeRight";
				INFOPLIST_KEY_UISupportedInterfaceOrientations_iPhone = "UIInterfaceOrientationPortrait UIInterfaceOrientationLandscapeLeft UIInterfaceOrientationLandscapeRight";
				LD_RUNPATH_SEARCH_PATHS = (
					"$(inherited)",
					"@executable_path/Frameworks",
				);
				MARKETING_VERSION = 1.0;
				PRODUCT_BUNDLE_IDENTIFIER = com.sancara.Trivia;
				PRODUCT_NAME = "$(TARGET_NAME)";
				SWIFT_EMIT_LOC_STRINGS = YES;
				SWIFT_VERSION = 5.0;
				TARGETED_DEVICE_FAMILY = "1,2";
			};
			name = Release;
		};
/* End XCBuildConfiguration section */

/* Begin XCConfigurationList section */
		1C491A822757A42C008B959C /* Build configuration list for PBXProject "Trivia" */ = {
			isa = XCConfigurationList;
			buildConfigurations = (
				1C491A992757A42E008B959C /* Debug */,
				1C491A9A2757A42E008B959C /* Release */,
			);
			defaultConfigurationIsVisible = 0;
			defaultConfigurationName = Release;
		};
		1C491A9B2757A42E008B959C /* Build configuration list for PBXNativeTarget "Trivia" */ = {
			isa = XCConfigurationList;
			buildConfigurations = (
				1C491A9C2757A42E008B959C /* Debug */,
				1C491A9D2757A42E008B959C /* Release */,
			);
			defaultConfigurationIsVisible = 0;
			defaultConfigurationName = Release;
		};
/* End XCConfigurationList section */

/* Begin XCRemoteSwiftPackageReference section */
		1C36DE9A275FD4A300CF3FC5 /* XCRemoteSwiftPackageReference "Alamofire" */ = {
			isa = XCRemoteSwiftPackageReference;
			repositoryURL = "https://github.com/Alamofire/Alamofire.git";
			requirement = {
				branch = master;
				kind = branch;
			};
		};
/* End XCRemoteSwiftPackageReference section */

/* Begin XCSwiftPackageProductDependency section */
		1C36DE9B275FD4A300CF3FC5 /* Alamofire */ = {
			isa = XCSwiftPackageProductDependency;
			package = 1C36DE9A275FD4A300CF3FC5 /* XCRemoteSwiftPackageReference "Alamofire" */;
			productName = Alamofire;
		};
/* End XCSwiftPackageProductDependency section */
	};
	rootObject = 1C491A7F2757A42C008B959C /* Project object */;
}
