// !$*UTF8*$!
{
	archiveVersion = 1;
	classes = {
	};
	objectVersion = 55;
	objects = {

/* Begin PBXBuildFile section */
		1C36DEA12760CE4F00CF3FC5 /* MovieDetailViewController.swift in Sources */ = {isa = PBXBuildFile; fileRef = 1C36DEA02760CE4F00CF3FC5 /* MovieDetailViewController.swift */; };
		1C36DEA32760CEA800CF3FC5 /* ListMoviesViewController.swift in Sources */ = {isa = PBXBuildFile; fileRef = 1C36DEA22760CEA800CF3FC5 /* ListMoviesViewController.swift */; };
		1C36DEA52760DE5B00CF3FC5 /* MovieTableViewCell.swift in Sources */ = {isa = PBXBuildFile; fileRef = 1C36DEA42760DE5B00CF3FC5 /* MovieTableViewCell.swift */; };
		1C36DEA82760E52E00CF3FC5 /* Movies.storyboard in Resources */ = {isa = PBXBuildFile; fileRef = 1C36DEA72760E52E00CF3FC5 /* Movies.storyboard */; };
		1C36DEAB2762368800CF3FC5 /* MoviesViewModel.swift in Sources */ = {isa = PBXBuildFile; fileRef = 1C36DEAA2762368800CF3FC5 /* MoviesViewModel.swift */; };
		1C93CE93275EB813006880E3 /* AppDelegate.swift in Sources */ = {isa = PBXBuildFile; fileRef = 1C93CE92275EB813006880E3 /* AppDelegate.swift */; };
		1C93CE95275EB813006880E3 /* SceneDelegate.swift in Sources */ = {isa = PBXBuildFile; fileRef = 1C93CE94275EB813006880E3 /* SceneDelegate.swift */; };
		1C93CE9C275EB815006880E3 /* Assets.xcassets in Resources */ = {isa = PBXBuildFile; fileRef = 1C93CE9B275EB815006880E3 /* Assets.xcassets */; };
		1C93CE9F275EB815006880E3 /* LaunchScreen.storyboard in Resources */ = {isa = PBXBuildFile; fileRef = 1C93CE9D275EB815006880E3 /* LaunchScreen.storyboard */; };
		1C93CEA8275EF68A006880E3 /* Alamofire in Frameworks */ = {isa = PBXBuildFile; productRef = 1C93CEA7275EF68A006880E3 /* Alamofire */; };
		1C93CEAA275EFA4C006880E3 /* MovieWS.swift in Sources */ = {isa = PBXBuildFile; fileRef = 1C93CEA9275EFA4C006880E3 /* MovieWS.swift */; };
		1C93CEAE275EFFA4006880E3 /* MovieDTO.swift in Sources */ = {isa = PBXBuildFile; fileRef = 1C93CEAD275EFFA4006880E3 /* MovieDTO.swift */; };
		1C93CEB4275F0AB2006880E3 /* DateManager.swift in Sources */ = {isa = PBXBuildFile; fileRef = 1C93CEB3275F0AB2006880E3 /* DateManager.swift */; };
		1CBD48C22762C80300F3E5BB /* TabBar.storyboard in Resources */ = {isa = PBXBuildFile; fileRef = 1CBD48C12762C80300F3E5BB /* TabBar.storyboard */; };
		1CBD48C42762CA3D00F3E5BB /* Info.storyboard in Resources */ = {isa = PBXBuildFile; fileRef = 1CBD48C32762CA3D00F3E5BB /* Info.storyboard */; };
		1CBD48C72762CB5500F3E5BB /* InfoViewController.swift in Sources */ = {isa = PBXBuildFile; fileRef = 1CBD48C62762CB5500F3E5BB /* InfoViewController.swift */; };
		1CE9775827938479001CC3EB /* Movie.swift in Sources */ = {isa = PBXBuildFile; fileRef = 1CE9775727938479001CC3EB /* Movie.swift */; };
		1CE9775A2793879C001CC3EB /* Movies.swift in Sources */ = {isa = PBXBuildFile; fileRef = 1CE977592793879C001CC3EB /* Movies.swift */; };
/* End PBXBuildFile section */

/* Begin PBXFileReference section */
		1C36DEA02760CE4F00CF3FC5 /* MovieDetailViewController.swift */ = {isa = PBXFileReference; lastKnownFileType = sourcecode.swift; path = MovieDetailViewController.swift; sourceTree = "<group>"; };
		1C36DEA22760CEA800CF3FC5 /* ListMoviesViewController.swift */ = {isa = PBXFileReference; lastKnownFileType = sourcecode.swift; path = ListMoviesViewController.swift; sourceTree = "<group>"; };
		1C36DEA42760DE5B00CF3FC5 /* MovieTableViewCell.swift */ = {isa = PBXFileReference; lastKnownFileType = sourcecode.swift; path = MovieTableViewCell.swift; sourceTree = "<group>"; };
		1C36DEA72760E52E00CF3FC5 /* Movies.storyboard */ = {isa = PBXFileReference; lastKnownFileType = file.storyboard; path = Movies.storyboard; sourceTree = "<group>"; };
		1C36DEAA2762368800CF3FC5 /* MoviesViewModel.swift */ = {isa = PBXFileReference; lastKnownFileType = sourcecode.swift; path = MoviesViewModel.swift; sourceTree = "<group>"; };
		1C93CE8F275EB813006880E3 /* alkemyChallenge.app */ = {isa = PBXFileReference; explicitFileType = wrapper.application; includeInIndex = 0; path = alkemyChallenge.app; sourceTree = BUILT_PRODUCTS_DIR; };
		1C93CE92275EB813006880E3 /* AppDelegate.swift */ = {isa = PBXFileReference; lastKnownFileType = sourcecode.swift; path = AppDelegate.swift; sourceTree = "<group>"; };
		1C93CE94275EB813006880E3 /* SceneDelegate.swift */ = {isa = PBXFileReference; lastKnownFileType = sourcecode.swift; path = SceneDelegate.swift; sourceTree = "<group>"; };
		1C93CE9B275EB815006880E3 /* Assets.xcassets */ = {isa = PBXFileReference; lastKnownFileType = folder.assetcatalog; path = Assets.xcassets; sourceTree = "<group>"; };
		1C93CE9E275EB815006880E3 /* Base */ = {isa = PBXFileReference; lastKnownFileType = file.storyboard; name = Base; path = Base.lproj/LaunchScreen.storyboard; sourceTree = "<group>"; };
		1C93CEA0275EB815006880E3 /* Info.plist */ = {isa = PBXFileReference; lastKnownFileType = text.plist.xml; path = Info.plist; sourceTree = "<group>"; };
		1C93CEA9275EFA4C006880E3 /* MovieWS.swift */ = {isa = PBXFileReference; lastKnownFileType = sourcecode.swift; path = MovieWS.swift; sourceTree = "<group>"; };
		1C93CEAD275EFFA4006880E3 /* MovieDTO.swift */ = {isa = PBXFileReference; lastKnownFileType = sourcecode.swift; path = MovieDTO.swift; sourceTree = "<group>"; };
		1C93CEB3275F0AB2006880E3 /* DateManager.swift */ = {isa = PBXFileReference; lastKnownFileType = sourcecode.swift; path = DateManager.swift; sourceTree = "<group>"; };
		1CBD48C12762C80300F3E5BB /* TabBar.storyboard */ = {isa = PBXFileReference; lastKnownFileType = file.storyboard; path = TabBar.storyboard; sourceTree = "<group>"; };
		1CBD48C32762CA3D00F3E5BB /* Info.storyboard */ = {isa = PBXFileReference; lastKnownFileType = file.storyboard; path = Info.storyboard; sourceTree = "<group>"; };
		1CBD48C62762CB5500F3E5BB /* InfoViewController.swift */ = {isa = PBXFileReference; lastKnownFileType = sourcecode.swift; path = InfoViewController.swift; sourceTree = "<group>"; };
		1CE9775727938479001CC3EB /* Movie.swift */ = {isa = PBXFileReference; lastKnownFileType = sourcecode.swift; path = Movie.swift; sourceTree = "<group>"; };
		1CE977592793879C001CC3EB /* Movies.swift */ = {isa = PBXFileReference; fileEncoding = 4; lastKnownFileType = sourcecode.swift; name = Movies.swift; path = ../../../../../../../../.Trash/Movies.swift; sourceTree = "<group>"; };
/* End PBXFileReference section */

/* Begin PBXFrameworksBuildPhase section */
		1C93CE8C275EB813006880E3 /* Frameworks */ = {
			isa = PBXFrameworksBuildPhase;
			buildActionMask = 2147483647;
			files = (
				1C93CEA8275EF68A006880E3 /* Alamofire in Frameworks */,
			);
			runOnlyForDeploymentPostprocessing = 0;
		};
/* End PBXFrameworksBuildPhase section */

/* Begin PBXGroup section */
		1C36DE96275FCFF500CF3FC5 /* iPhone */ = {
			isa = PBXGroup;
			children = (
				1C36DEA62760E51500CF3FC5 /* Storyboards */,
				1C36DE97275FCFFF00CF3FC5 /* Classes */,
			);
			path = iPhone;
			sourceTree = "<group>";
		};
		1C36DE97275FCFFF00CF3FC5 /* Classes */ = {
			isa = PBXGroup;
			children = (
				1CBD48C52762CB4100F3E5BB /* Info */,
				1C36DE9D2760CE1200CF3FC5 /* Movies */,
			);
			path = Classes;
			sourceTree = "<group>";
		};
		1C36DE9D2760CE1200CF3FC5 /* Movies */ = {
			isa = PBXGroup;
			children = (
				1C36DE9F2760CE3A00CF3FC5 /* Detail */,
				1C36DE9E2760CE1F00CF3FC5 /* List */,
			);
			path = Movies;
			sourceTree = "<group>";
		};
		1C36DE9E2760CE1F00CF3FC5 /* List */ = {
			isa = PBXGroup;
			children = (
				1C36DEA22760CEA800CF3FC5 /* ListMoviesViewController.swift */,
				1C36DEA42760DE5B00CF3FC5 /* MovieTableViewCell.swift */,
				1C36DEAA2762368800CF3FC5 /* MoviesViewModel.swift */,
			);
			path = List;
			sourceTree = "<group>";
		};
		1C36DE9F2760CE3A00CF3FC5 /* Detail */ = {
			isa = PBXGroup;
			children = (
				1C36DEA02760CE4F00CF3FC5 /* MovieDetailViewController.swift */,
			);
			path = Detail;
			sourceTree = "<group>";
		};
		1C36DEA62760E51500CF3FC5 /* Storyboards */ = {
			isa = PBXGroup;
			children = (
				1C36DEA72760E52E00CF3FC5 /* Movies.storyboard */,
				1CBD48C12762C80300F3E5BB /* TabBar.storyboard */,
				1CBD48C32762CA3D00F3E5BB /* Info.storyboard */,
			);
			path = Storyboards;
			sourceTree = "<group>";
		};
		1C93CE86275EB813006880E3 = {
			isa = PBXGroup;
			children = (
				1C93CE91275EB813006880E3 /* alkemyChallenge */,
				1C93CE90275EB813006880E3 /* Products */,
			);
			sourceTree = "<group>";
		};
		1C93CE90275EB813006880E3 /* Products */ = {
			isa = PBXGroup;
			children = (
				1C93CE8F275EB813006880E3 /* alkemyChallenge.app */,
			);
			name = Products;
			sourceTree = "<group>";
		};
		1C93CE91275EB813006880E3 /* alkemyChallenge */ = {
			isa = PBXGroup;
			children = (
				1C36DE96275FCFF500CF3FC5 /* iPhone */,
				1C93CEB2275F0AA2006880E3 /* General */,
				1C93CEAF275F042D006880E3 /* Entities */,
				1C93CEAC275EFF45006880E3 /* DataTransferObject */,
				1C93CEAB275EFA5E006880E3 /* WebServices */,
				1C93CE92275EB813006880E3 /* AppDelegate.swift */,
				1C93CE94275EB813006880E3 /* SceneDelegate.swift */,
				1C93CE9B275EB815006880E3 /* Assets.xcassets */,
				1C93CE9D275EB815006880E3 /* LaunchScreen.storyboard */,
				1C93CEA0275EB815006880E3 /* Info.plist */,
			);
			path = alkemyChallenge;
			sourceTree = "<group>";
		};
		1C93CEAB275EFA5E006880E3 /* WebServices */ = {
			isa = PBXGroup;
			children = (
				1C93CEA9275EFA4C006880E3 /* MovieWS.swift */,
			);
			path = WebServices;
			sourceTree = "<group>";
		};
		1C93CEAC275EFF45006880E3 /* DataTransferObject */ = {
			isa = PBXGroup;
			children = (
				1C93CEAD275EFFA4006880E3 /* MovieDTO.swift */,
			);
			path = DataTransferObject;
			sourceTree = "<group>";
		};
		1C93CEAF275F042D006880E3 /* Entities */ = {
			isa = PBXGroup;
			children = (
				1CE977592793879C001CC3EB /* Movies.swift */,
				1CE9775727938479001CC3EB /* Movie.swift */,
			);
			path = Entities;
			sourceTree = "<group>";
		};
		1C93CEB2275F0AA2006880E3 /* General */ = {
			isa = PBXGroup;
			children = (
				1C93CEB3275F0AB2006880E3 /* DateManager.swift */,
			);
			path = General;
			sourceTree = "<group>";
		};
		1CBD48C52762CB4100F3E5BB /* Info */ = {
			isa = PBXGroup;
			children = (
				1CBD48C62762CB5500F3E5BB /* InfoViewController.swift */,
			);
			path = Info;
			sourceTree = "<group>";
		};
/* End PBXGroup section */

/* Begin PBXNativeTarget section */
		1C93CE8E275EB813006880E3 /* alkemyChallenge */ = {
			isa = PBXNativeTarget;
			buildConfigurationList = 1C93CEA3275EB815006880E3 /* Build configuration list for PBXNativeTarget "alkemyChallenge" */;
			buildPhases = (
				1C93CE8B275EB813006880E3 /* Sources */,
				1C93CE8C275EB813006880E3 /* Frameworks */,
				1C93CE8D275EB813006880E3 /* Resources */,
			);
			buildRules = (
			);
			dependencies = (
			);
			name = alkemyChallenge;
			packageProductDependencies = (
				1C93CEA7275EF68A006880E3 /* Alamofire */,
			);
			productName = alkemyChallenge;
			productReference = 1C93CE8F275EB813006880E3 /* alkemyChallenge.app */;
			productType = "com.apple.product-type.application";
		};
/* End PBXNativeTarget section */

/* Begin PBXProject section */
		1C93CE87275EB813006880E3 /* Project object */ = {
			isa = PBXProject;
			attributes = {
				BuildIndependentTargetsInParallel = 1;
				LastSwiftUpdateCheck = 1310;
				LastUpgradeCheck = 1310;
				TargetAttributes = {
					1C93CE8E275EB813006880E3 = {
						CreatedOnToolsVersion = 13.1;
					};
				};
			};
			buildConfigurationList = 1C93CE8A275EB813006880E3 /* Build configuration list for PBXProject "alkemyChallenge" */;
			compatibilityVersion = "Xcode 13.0";
			developmentRegion = en;
			hasScannedForEncodings = 0;
			knownRegions = (
				en,
				Base,
			);
			mainGroup = 1C93CE86275EB813006880E3;
			packageReferences = (
				1C93CEA6275EF68A006880E3 /* XCRemoteSwiftPackageReference "Alamofire" */,
			);
			productRefGroup = 1C93CE90275EB813006880E3 /* Products */;
			projectDirPath = "";
			projectRoot = "";
			targets = (
				1C93CE8E275EB813006880E3 /* alkemyChallenge */,
			);
		};
/* End PBXProject section */

/* Begin PBXResourcesBuildPhase section */
		1C93CE8D275EB813006880E3 /* Resources */ = {
			isa = PBXResourcesBuildPhase;
			buildActionMask = 2147483647;
			files = (
				1CBD48C22762C80300F3E5BB /* TabBar.storyboard in Resources */,
				1C93CE9F275EB815006880E3 /* LaunchScreen.storyboard in Resources */,
				1C93CE9C275EB815006880E3 /* Assets.xcassets in Resources */,
				1CBD48C42762CA3D00F3E5BB /* Info.storyboard in Resources */,
				1C36DEA82760E52E00CF3FC5 /* Movies.storyboard in Resources */,
			);
			runOnlyForDeploymentPostprocessing = 0;
		};
/* End PBXResourcesBuildPhase section */

/* Begin PBXSourcesBuildPhase section */
		1C93CE8B275EB813006880E3 /* Sources */ = {
			isa = PBXSourcesBuildPhase;
			buildActionMask = 2147483647;
			files = (
				1C36DEA52760DE5B00CF3FC5 /* MovieTableViewCell.swift in Sources */,
				1CBD48C72762CB5500F3E5BB /* InfoViewController.swift in Sources */,
				1CE9775A2793879C001CC3EB /* Movies.swift in Sources */,
				1CE9775827938479001CC3EB /* Movie.swift in Sources */,
				1C93CEB4275F0AB2006880E3 /* DateManager.swift in Sources */,
				1C93CEAE275EFFA4006880E3 /* MovieDTO.swift in Sources */,
				1C93CE93275EB813006880E3 /* AppDelegate.swift in Sources */,
				1C36DEA12760CE4F00CF3FC5 /* MovieDetailViewController.swift in Sources */,
				1C93CEAA275EFA4C006880E3 /* MovieWS.swift in Sources */,
				1C36DEA32760CEA800CF3FC5 /* ListMoviesViewController.swift in Sources */,
				1C93CE95275EB813006880E3 /* SceneDelegate.swift in Sources */,
				1C36DEAB2762368800CF3FC5 /* MoviesViewModel.swift in Sources */,
			);
			runOnlyForDeploymentPostprocessing = 0;
		};
/* End PBXSourcesBuildPhase section */

/* Begin PBXVariantGroup section */
		1C93CE9D275EB815006880E3 /* LaunchScreen.storyboard */ = {
			isa = PBXVariantGroup;
			children = (
				1C93CE9E275EB815006880E3 /* Base */,
			);
			name = LaunchScreen.storyboard;
			sourceTree = "<group>";
		};
/* End PBXVariantGroup section */

/* Begin XCBuildConfiguration section */
		1C93CEA1275EB815006880E3 /* Debug */ = {
			isa = XCBuildConfiguration;
			buildSettings = {
				ALWAYS_SEARCH_USER_PATHS = NO;
				CLANG_ANALYZER_NONNULL = YES;
				CLANG_ANALYZER_NUMBER_OBJECT_CONVERSION = YES_AGGRESSIVE;
				CLANG_CXX_LANGUAGE_STANDARD = "gnu++17";
				CLANG_CXX_LIBRARY = "libc++";
				CLANG_ENABLE_MODULES = YES;
				CLANG_ENABLE_OBJC_ARC = YES;
				CLANG_ENABLE_OBJC_WEAK = YES;
				CLANG_WARN_BLOCK_CAPTURE_AUTORELEASING = YES;
				CLANG_WARN_BOOL_CONVERSION = YES;
				CLANG_WARN_COMMA = YES;
				CLANG_WARN_CONSTANT_CONVERSION = YES;
				CLANG_WARN_DEPRECATED_OBJC_IMPLEMENTATIONS = YES;
				CLANG_WARN_DIRECT_OBJC_ISA_USAGE = YES_ERROR;
				CLANG_WARN_DOCUMENTATION_COMMENTS = YES;
				CLANG_WARN_EMPTY_BODY = YES;
				CLANG_WARN_ENUM_CONVERSION = YES;
				CLANG_WARN_INFINITE_RECURSION = YES;
				CLANG_WARN_INT_CONVERSION = YES;
				CLANG_WARN_NON_LITERAL_NULL_CONVERSION = YES;
				CLANG_WARN_OBJC_IMPLICIT_RETAIN_SELF = YES;
				CLANG_WARN_OBJC_LITERAL_CONVERSION = YES;
				CLANG_WARN_OBJC_ROOT_CLASS = YES_ERROR;
				CLANG_WARN_QUOTED_INCLUDE_IN_FRAMEWORK_HEADER = YES;
				CLANG_WARN_RANGE_LOOP_ANALYSIS = YES;
				CLANG_WARN_STRICT_PROTOTYPES = YES;
				CLANG_WARN_SUSPICIOUS_MOVE = YES;
				CLANG_WARN_UNGUARDED_AVAILABILITY = YES_AGGRESSIVE;
				CLANG_WARN_UNREACHABLE_CODE = YES;
				CLANG_WARN__DUPLICATE_METHOD_MATCH = YES;
				COPY_PHASE_STRIP = NO;
				DEBUG_INFORMATION_FORMAT = dwarf;
				ENABLE_STRICT_OBJC_MSGSEND = YES;
				ENABLE_TESTABILITY = YES;
				GCC_C_LANGUAGE_STANDARD = gnu11;
				GCC_DYNAMIC_NO_PIC = NO;
				GCC_NO_COMMON_BLOCKS = YES;
				GCC_OPTIMIZATION_LEVEL = 0;
				GCC_PREPROCESSOR_DEFINITIONS = (
					"DEBUG=1",
					"$(inherited)",
				);
				GCC_WARN_64_TO_32_BIT_CONVERSION = YES;
				GCC_WARN_ABOUT_RETURN_TYPE = YES_ERROR;
				GCC_WARN_UNDECLARED_SELECTOR = YES;
				GCC_WARN_UNINITIALIZED_AUTOS = YES_AGGRESSIVE;
				GCC_WARN_UNUSED_FUNCTION = YES;
				GCC_WARN_UNUSED_VARIABLE = YES;
				IPHONEOS_DEPLOYMENT_TARGET = 15.0;
				MTL_ENABLE_DEBUG_INFO = INCLUDE_SOURCE;
				MTL_FAST_MATH = YES;
				ONLY_ACTIVE_ARCH = YES;
				SDKROOT = iphoneos;
				SWIFT_ACTIVE_COMPILATION_CONDITIONS = DEBUG;
				SWIFT_OPTIMIZATION_LEVEL = "-Onone";
			};
			name = Debug;
		};
		1C93CEA2275EB815006880E3 /* Release */ = {
			isa = XCBuildConfiguration;
			buildSettings = {
				ALWAYS_SEARCH_USER_PATHS = NO;
				CLANG_ANALYZER_NONNULL = YES;
				CLANG_ANALYZER_NUMBER_OBJECT_CONVERSION = YES_AGGRESSIVE;
				CLANG_CXX_LANGUAGE_STANDARD = "gnu++17";
				CLANG_CXX_LIBRARY = "libc++";
				CLANG_ENABLE_MODULES = YES;
				CLANG_ENABLE_OBJC_ARC = YES;
				CLANG_ENABLE_OBJC_WEAK = YES;
				CLANG_WARN_BLOCK_CAPTURE_AUTORELEASING = YES;
				CLANG_WARN_BOOL_CONVERSION = YES;
				CLANG_WARN_COMMA = YES;
				CLANG_WARN_CONSTANT_CONVERSION = YES;
				CLANG_WARN_DEPRECATED_OBJC_IMPLEMENTATIONS = YES;
				CLANG_WARN_DIRECT_OBJC_ISA_USAGE = YES_ERROR;
				CLANG_WARN_DOCUMENTATION_COMMENTS = YES;
				CLANG_WARN_EMPTY_BODY = YES;
				CLANG_WARN_ENUM_CONVERSION = YES;
				CLANG_WARN_INFINITE_RECURSION = YES;
				CLANG_WARN_INT_CONVERSION = YES;
				CLANG_WARN_NON_LITERAL_NULL_CONVERSION = YES;
				CLANG_WARN_OBJC_IMPLICIT_RETAIN_SELF = YES;
				CLANG_WARN_OBJC_LITERAL_CONVERSION = YES;
				CLANG_WARN_OBJC_ROOT_CLASS = YES_ERROR;
				CLANG_WARN_QUOTED_INCLUDE_IN_FRAMEWORK_HEADER = YES;
				CLANG_WARN_RANGE_LOOP_ANALYSIS = YES;
				CLANG_WARN_STRICT_PROTOTYPES = YES;
				CLANG_WARN_SUSPICIOUS_MOVE = YES;
				CLANG_WARN_UNGUARDED_AVAILABILITY = YES_AGGRESSIVE;
				CLANG_WARN_UNREACHABLE_CODE = YES;
				CLANG_WARN__DUPLICATE_METHOD_MATCH = YES;
				COPY_PHASE_STRIP = NO;
				DEBUG_INFORMATION_FORMAT = "dwarf-with-dsym";
				ENABLE_NS_ASSERTIONS = NO;
				ENABLE_STRICT_OBJC_MSGSEND = YES;
				GCC_C_LANGUAGE_STANDARD = gnu11;
				GCC_NO_COMMON_BLOCKS = YES;
				GCC_WARN_64_TO_32_BIT_CONVERSION = YES;
				GCC_WARN_ABOUT_RETURN_TYPE = YES_ERROR;
				GCC_WARN_UNDECLARED_SELECTOR = YES;
				GCC_WARN_UNINITIALIZED_AUTOS = YES_AGGRESSIVE;
				GCC_WARN_UNUSED_FUNCTION = YES;
				GCC_WARN_UNUSED_VARIABLE = YES;
				IPHONEOS_DEPLOYMENT_TARGET = 15.0;
				MTL_ENABLE_DEBUG_INFO = NO;
				MTL_FAST_MATH = YES;
				SDKROOT = iphoneos;
				SWIFT_COMPILATION_MODE = wholemodule;
				SWIFT_OPTIMIZATION_LEVEL = "-O";
				VALIDATE_PRODUCT = YES;
			};
			name = Release;
		};
		1C93CEA4275EB815006880E3 /* Debug */ = {
			isa = XCBuildConfiguration;
			buildSettings = {
				ASSETCATALOG_COMPILER_APPICON_NAME = AppIcon;
				ASSETCATALOG_COMPILER_GLOBAL_ACCENT_COLOR_NAME = AccentColor;
				CODE_SIGN_STYLE = Automatic;
				CURRENT_PROJECT_VERSION = 1;
				DEVELOPMENT_TEAM = 3C72QC44G4;
				GENERATE_INFOPLIST_FILE = YES;
				INFOPLIST_FILE = alkemyChallenge/Info.plist;
				INFOPLIST_KEY_UIApplicationSupportsIndirectInputEvents = YES;
				INFOPLIST_KEY_UILaunchStoryboardName = LaunchScreen;
				INFOPLIST_KEY_UIMainStoryboardFile = TabBar;
				INFOPLIST_KEY_UISupportedInterfaceOrientations_iPad = "UIInterfaceOrientationPortrait UIInterfaceOrientationPortraitUpsideDown UIInterfaceOrientationLandscapeLeft UIInterfaceOrientationLandscapeRight";
				INFOPLIST_KEY_UISupportedInterfaceOrientations_iPhone = "UIInterfaceOrientationPortrait UIInterfaceOrientationLandscapeLeft UIInterfaceOrientationLandscapeRight";
				LD_RUNPATH_SEARCH_PATHS = (
					"$(inherited)",
					"@executable_path/Frameworks",
				);
				MARKETING_VERSION = 1.0;
				PRODUCT_BUNDLE_IDENTIFIER = com.sancara.alkemyChallenge;
				PRODUCT_NAME = "$(TARGET_NAME)";
				SWIFT_EMIT_LOC_STRINGS = YES;
				SWIFT_VERSION = 5.0;
				TARGETED_DEVICE_FAMILY = "1,2";
			};
			name = Debug;
		};
		1C93CEA5275EB815006880E3 /* Release */ = {
			isa = XCBuildConfiguration;
			buildSettings = {
				ASSETCATALOG_COMPILER_APPICON_NAME = AppIcon;
				ASSETCATALOG_COMPILER_GLOBAL_ACCENT_COLOR_NAME = AccentColor;
				CODE_SIGN_STYLE = Automatic;
				CURRENT_PROJECT_VERSION = 1;
				DEVELOPMENT_TEAM = 3C72QC44G4;
				GENERATE_INFOPLIST_FILE = YES;
				INFOPLIST_FILE = alkemyChallenge/Info.plist;
				INFOPLIST_KEY_UIApplicationSupportsIndirectInputEvents = YES;
				INFOPLIST_KEY_UILaunchStoryboardName = LaunchScreen;
				INFOPLIST_KEY_UIMainStoryboardFile = TabBar;
				INFOPLIST_KEY_UISupportedInterfaceOrientations_iPad = "UIInterfaceOrientationPortrait UIInterfaceOrientationPortraitUpsideDown UIInterfaceOrientationLandscapeLeft UIInterfaceOrientationLandscapeRight";
				INFOPLIST_KEY_UISupportedInterfaceOrientations_iPhone = "UIInterfaceOrientationPortrait UIInterfaceOrientationLandscapeLeft UIInterfaceOrientationLandscapeRight";
				LD_RUNPATH_SEARCH_PATHS = (
					"$(inherited)",
					"@executable_path/Frameworks",
				);
				MARKETING_VERSION = 1.0;
				PRODUCT_BUNDLE_IDENTIFIER = com.sancara.alkemyChallenge;
				PRODUCT_NAME = "$(TARGET_NAME)";
				SWIFT_EMIT_LOC_STRINGS = YES;
				SWIFT_VERSION = 5.0;
				TARGETED_DEVICE_FAMILY = "1,2";
			};
			name = Release;
		};
/* End XCBuildConfiguration section */

/* Begin XCConfigurationList section */
		1C93CE8A275EB813006880E3 /* Build configuration list for PBXProject "alkemyChallenge" */ = {
			isa = XCConfigurationList;
			buildConfigurations = (
				1C93CEA1275EB815006880E3 /* Debug */,
				1C93CEA2275EB815006880E3 /* Release */,
			);
			defaultConfigurationIsVisible = 0;
			defaultConfigurationName = Release;
		};
		1C93CEA3275EB815006880E3 /* Build configuration list for PBXNativeTarget "alkemyChallenge" */ = {
			isa = XCConfigurationList;
			buildConfigurations = (
				1C93CEA4275EB815006880E3 /* Debug */,
				1C93CEA5275EB815006880E3 /* Release */,
			);
			defaultConfigurationIsVisible = 0;
			defaultConfigurationName = Release;
		};
/* End XCConfigurationList section */

/* Begin XCRemoteSwiftPackageReference section */
		1C93CEA6275EF68A006880E3 /* XCRemoteSwiftPackageReference "Alamofire" */ = {
			isa = XCRemoteSwiftPackageReference;
			repositoryURL = "https://github.com/Alamofire/Alamofire.git";
			requirement = {
				kind = upToNextMajorVersion;
				minimumVersion = 5.0.0;
			};
		};
/* End XCRemoteSwiftPackageReference section */

/* Begin XCSwiftPackageProductDependency section */
		1C93CEA7275EF68A006880E3 /* Alamofire */ = {
			isa = XCSwiftPackageProductDependency;
			package = 1C93CEA6275EF68A006880E3 /* XCRemoteSwiftPackageReference "Alamofire" */;
			productName = Alamofire;
		};
/* End XCSwiftPackageProductDependency section */
	};
	rootObject = 1C93CE87275EB813006880E3 /* Project object */;
}
